// !$*UTF8*$!
{
	archiveVersion = 1;
	classes = {
	};
	objectVersion = 48;
	objects = {

/* Begin PBXBuildFile section */
		848F9897201E82FB00C3186B /* AppDelegate.swift in Sources */ = {isa = PBXBuildFile; fileRef = 848F9896201E82FB00C3186B /* AppDelegate.swift */; };
		848F9899201E82FB00C3186B /* ViewController.swift in Sources */ = {isa = PBXBuildFile; fileRef = 848F9898201E82FB00C3186B /* ViewController.swift */; };
		848F989C201E82FB00C3186B /* Main.storyboard in Resources */ = {isa = PBXBuildFile; fileRef = 848F989A201E82FB00C3186B /* Main.storyboard */; };
		848F989E201E82FB00C3186B /* Assets.xcassets in Resources */ = {isa = PBXBuildFile; fileRef = 848F989D201E82FB00C3186B /* Assets.xcassets */; };
		848F98A1201E82FB00C3186B /* LaunchScreen.storyboard in Resources */ = {isa = PBXBuildFile; fileRef = 848F989F201E82FB00C3186B /* LaunchScreen.storyboard */; };
		848F98AC201E82FB00C3186B /* HomeWork3Tests.swift in Sources */ = {isa = PBXBuildFile; fileRef = 848F98AB201E82FB00C3186B /* HomeWork3Tests.swift */; };
		848F98B7201E82FB00C3186B /* HomeWork3UITests.swift in Sources */ = {isa = PBXBuildFile; fileRef = 848F98B6201E82FB00C3186B /* HomeWork3UITests.swift */; };
/* End PBXBuildFile section */

/* Begin PBXContainerItemProxy section */
		848F98A8201E82FB00C3186B /* PBXContainerItemProxy */ = {
			isa = PBXContainerItemProxy;
			containerPortal = 848F988B201E82FB00C3186B /* Project object */;
			proxyType = 1;
			remoteGlobalIDString = 848F9892201E82FB00C3186B;
			remoteInfo = HomeWork3;
		};
		848F98B3201E82FB00C3186B /* PBXContainerItemProxy */ = {
			isa = PBXContainerItemProxy;
			containerPortal = 848F988B201E82FB00C3186B /* Project object */;
			proxyType = 1;
			remoteGlobalIDString = 848F9892201E82FB00C3186B;
			remoteInfo = HomeWork3;
		};
/* End PBXContainerItemProxy section */

/* Begin PBXFileReference section */
		848F9893201E82FB00C3186B /* HomeWork3.app */ = {isa = PBXFileReference; explicitFileType = wrapper.application; includeInIndex = 0; path = HomeWork3.app; sourceTree = BUILT_PRODUCTS_DIR; };
		848F9896201E82FB00C3186B /* AppDelegate.swift */ = {isa = PBXFileReference; lastKnownFileType = sourcecode.swift; path = AppDelegate.swift; sourceTree = "<group>"; };
		848F9898201E82FB00C3186B /* ViewController.swift */ = {isa = PBXFileReference; lastKnownFileType = sourcecode.swift; path = ViewController.swift; sourceTree = "<group>"; };
		848F989B201E82FB00C3186B /* Base */ = {isa = PBXFileReference; lastKnownFileType = file.storyboard; name = Base; path = Base.lproj/Main.storyboard; sourceTree = "<group>"; };
		848F989D201E82FB00C3186B /* Assets.xcassets */ = {isa = PBXFileReference; lastKnownFileType = folder.assetcatalog; path = Assets.xcassets; sourceTree = "<group>"; };
		848F98A0201E82FB00C3186B /* Base */ = {isa = PBXFileReference; lastKnownFileType = file.storyboard; name = Base; path = Base.lproj/LaunchScreen.storyboard; sourceTree = "<group>"; };
		848F98A2201E82FB00C3186B /* Info.plist */ = {isa = PBXFileReference; lastKnownFileType = text.plist.xml; path = Info.plist; sourceTree = "<group>"; };
		848F98A7201E82FB00C3186B /* HomeWork3Tests.xctest */ = {isa = PBXFileReference; explicitFileType = wrapper.cfbundle; includeInIndex = 0; path = HomeWork3Tests.xctest; sourceTree = BUILT_PRODUCTS_DIR; };
		848F98AB201E82FB00C3186B /* HomeWork3Tests.swift */ = {isa = PBXFileReference; lastKnownFileType = sourcecode.swift; path = HomeWork3Tests.swift; sourceTree = "<group>"; };
		848F98AD201E82FB00C3186B /* Info.plist */ = {isa = PBXFileReference; lastKnownFileType = text.plist.xml; path = Info.plist; sourceTree = "<group>"; };
		848F98B2201E82FB00C3186B /* HomeWork3UITests.xctest */ = {isa = PBXFileReference; explicitFileType = wrapper.cfbundle; includeInIndex = 0; path = HomeWork3UITests.xctest; sourceTree = BUILT_PRODUCTS_DIR; };
		848F98B6201E82FB00C3186B /* HomeWork3UITests.swift */ = {isa = PBXFileReference; lastKnownFileType = sourcecode.swift; path = HomeWork3UITests.swift; sourceTree = "<group>"; };
		848F98B8201E82FB00C3186B /* Info.plist */ = {isa = PBXFileReference; lastKnownFileType = text.plist.xml; path = Info.plist; sourceTree = "<group>"; };
/* End PBXFileReference section */

/* Begin PBXFrameworksBuildPhase section */
		848F9890201E82FB00C3186B /* Frameworks */ = {
			isa = PBXFrameworksBuildPhase;
			buildActionMask = 2147483647;
			files = (
			);
			runOnlyForDeploymentPostprocessing = 0;
		};
		848F98A4201E82FB00C3186B /* Frameworks */ = {
			isa = PBXFrameworksBuildPhase;
			buildActionMask = 2147483647;
			files = (
			);
			runOnlyForDeploymentPostprocessing = 0;
		};
		848F98AF201E82FB00C3186B /* Frameworks */ = {
			isa = PBXFrameworksBuildPhase;
			buildActionMask = 2147483647;
			files = (
			);
			runOnlyForDeploymentPostprocessing = 0;
		};
/* End PBXFrameworksBuildPhase section */

/* Begin PBXGroup section */
		848F988A201E82FB00C3186B = {
			isa = PBXGroup;
			children = (
				848F9895201E82FB00C3186B /* HomeWork3 */,
				848F98AA201E82FB00C3186B /* HomeWork3Tests */,
				848F98B5201E82FB00C3186B /* HomeWork3UITests */,
				848F9894201E82FB00C3186B /* Products */,
			);
			sourceTree = "<group>";
		};
		848F9894201E82FB00C3186B /* Products */ = {
			isa = PBXGroup;
			children = (
				848F9893201E82FB00C3186B /* HomeWork3.app */,
				848F98A7201E82FB00C3186B /* HomeWork3Tests.xctest */,
				848F98B2201E82FB00C3186B /* HomeWork3UITests.xctest */,
			);
			name = Products;
			sourceTree = "<group>";
		};
		848F9895201E82FB00C3186B /* HomeWork3 */ = {
			isa = PBXGroup;
			children = (
				848F9896201E82FB00C3186B /* AppDelegate.swift */,
				848F9898201E82FB00C3186B /* ViewController.swift */,
				848F989A201E82FB00C3186B /* Main.storyboard */,
				848F989D201E82FB00C3186B /* Assets.xcassets */,
				848F989F201E82FB00C3186B /* LaunchScreen.storyboard */,
				848F98A2201E82FB00C3186B /* Info.plist */,
			);
			path = HomeWork3;
			sourceTree = "<group>";
		};
		848F98AA201E82FB00C3186B /* HomeWork3Tests */ = {
			isa = PBXGroup;
			children = (
				848F98AB201E82FB00C3186B /* HomeWork3Tests.swift */,
				848F98AD201E82FB00C3186B /* Info.plist */,
			);
			path = HomeWork3Tests;
			sourceTree = "<group>";
		};
		848F98B5201E82FB00C3186B /* HomeWork3UITests */ = {
			isa = PBXGroup;
			children = (
				848F98B6201E82FB00C3186B /* HomeWork3UITests.swift */,
				848F98B8201E82FB00C3186B /* Info.plist */,
			);
			path = HomeWork3UITests;
			sourceTree = "<group>";
		};
/* End PBXGroup section */

/* Begin PBXNativeTarget section */
		848F9892201E82FB00C3186B /* HomeWork3 */ = {
			isa = PBXNativeTarget;
			buildConfigurationList = 848F98BB201E82FB00C3186B /* Build configuration list for PBXNativeTarget "HomeWork3" */;
			buildPhases = (
				848F988F201E82FB00C3186B /* Sources */,
				848F9890201E82FB00C3186B /* Frameworks */,
				848F9891201E82FB00C3186B /* Resources */,
			);
			buildRules = (
			);
			dependencies = (
			);
			name = HomeWork3;
			productName = HomeWork3;
			productReference = 848F9893201E82FB00C3186B /* HomeWork3.app */;
			productType = "com.apple.product-type.application";
		};
		848F98A6201E82FB00C3186B /* HomeWork3Tests */ = {
			isa = PBXNativeTarget;
			buildConfigurationList = 848F98BE201E82FB00C3186B /* Build configuration list for PBXNativeTarget "HomeWork3Tests" */;
			buildPhases = (
				848F98A3201E82FB00C3186B /* Sources */,
				848F98A4201E82FB00C3186B /* Frameworks */,
				848F98A5201E82FB00C3186B /* Resources */,
			);
			buildRules = (
			);
			dependencies = (
				848F98A9201E82FB00C3186B /* PBXTargetDependency */,
			);
			name = HomeWork3Tests;
			productName = HomeWork3Tests;
			productReference = 848F98A7201E82FB00C3186B /* HomeWork3Tests.xctest */;
			productType = "com.apple.product-type.bundle.unit-test";
		};
		848F98B1201E82FB00C3186B /* HomeWork3UITests */ = {
			isa = PBXNativeTarget;
			buildConfigurationList = 848F98C1201E82FB00C3186B /* Build configuration list for PBXNativeTarget "HomeWork3UITests" */;
			buildPhases = (
				848F98AE201E82FB00C3186B /* Sources */,
				848F98AF201E82FB00C3186B /* Frameworks */,
				848F98B0201E82FB00C3186B /* Resources */,
			);
			buildRules = (
			);
			dependencies = (
				848F98B4201E82FB00C3186B /* PBXTargetDependency */,
			);
			name = HomeWork3UITests;
			productName = HomeWork3UITests;
			productReference = 848F98B2201E82FB00C3186B /* HomeWork3UITests.xctest */;
			productType = "com.apple.product-type.bundle.ui-testing";
		};
/* End PBXNativeTarget section */

/* Begin PBXProject section */
		848F988B201E82FB00C3186B /* Project object */ = {
			isa = PBXProject;
			attributes = {
				LastSwiftUpdateCheck = 0920;
				LastUpgradeCheck = 0920;
				ORGANIZATIONNAME = admin;
				TargetAttributes = {
					848F9892201E82FB00C3186B = {
						CreatedOnToolsVersion = 9.2;
						ProvisioningStyle = Automatic;
					};
					848F98A6201E82FB00C3186B = {
						CreatedOnToolsVersion = 9.2;
						ProvisioningStyle = Automatic;
						TestTargetID = 848F9892201E82FB00C3186B;
					};
					848F98B1201E82FB00C3186B = {
						CreatedOnToolsVersion = 9.2;
						ProvisioningStyle = Automatic;
						TestTargetID = 848F9892201E82FB00C3186B;
					};
				};
			};
			buildConfigurationList = 848F988E201E82FB00C3186B /* Build configuration list for PBXProject "HomeWork3" */;
			compatibilityVersion = "Xcode 8.0";
			developmentRegion = en;
			hasScannedForEncodings = 0;
			knownRegions = (
				en,
				Base,
			);
			mainGroup = 848F988A201E82FB00C3186B;
			productRefGroup = 848F9894201E82FB00C3186B /* Products */;
			projectDirPath = "";
			projectRoot = "";
			targets = (
				848F9892201E82FB00C3186B /* HomeWork3 */,
				848F98A6201E82FB00C3186B /* HomeWork3Tests */,
				848F98B1201E82FB00C3186B /* HomeWork3UITests */,
			);
		};
/* End PBXProject section */

/* Begin PBXResourcesBuildPhase section */
		848F9891201E82FB00C3186B /* Resources */ = {
			isa = PBXResourcesBuildPhase;
			buildActionMask = 2147483647;
			files = (
				848F98A1201E82FB00C3186B /* LaunchScreen.storyboard in Resources */,
				848F989E201E82FB00C3186B /* Assets.xcassets in Resources */,
				848F989C201E82FB00C3186B /* Main.storyboard in Resources */,
			);
			runOnlyForDeploymentPostprocessing = 0;
		};
		848F98A5201E82FB00C3186B /* Resources */ = {
			isa = PBXResourcesBuildPhase;
			buildActionMask = 2147483647;
			files = (
			);
			runOnlyForDeploymentPostprocessing = 0;
		};
		848F98B0201E82FB00C3186B /* Resources */ = {
			isa = PBXResourcesBuildPhase;
			buildActionMask = 2147483647;
			files = (
			);
			runOnlyForDeploymentPostprocessing = 0;
		};
/* End PBXResourcesBuildPhase section */

/* Begin PBXSourcesBuildPhase section */
		848F988F201E82FB00C3186B /* Sources */ = {
			isa = PBXSourcesBuildPhase;
			buildActionMask = 2147483647;
			files = (
				848F9899201E82FB00C3186B /* ViewController.swift in Sources */,
				848F9897201E82FB00C3186B /* AppDelegate.swift in Sources */,
			);
			runOnlyForDeploymentPostprocessing = 0;
		};
		848F98A3201E82FB00C3186B /* Sources */ = {
			isa = PBXSourcesBuildPhase;
			buildActionMask = 2147483647;
			files = (
				848F98AC201E82FB00C3186B /* HomeWork3Tests.swift in Sources */,
			);
			runOnlyForDeploymentPostprocessing = 0;
		};
		848F98AE201E82FB00C3186B /* Sources */ = {
			isa = PBXSourcesBuildPhase;
			buildActionMask = 2147483647;
			files = (
				848F98B7201E82FB00C3186B /* HomeWork3UITests.swift in Sources */,
			);
			runOnlyForDeploymentPostprocessing = 0;
		};
/* End PBXSourcesBuildPhase section */

/* Begin PBXTargetDependency section */
		848F98A9201E82FB00C3186B /* PBXTargetDependency */ = {
			isa = PBXTargetDependency;
			target = 848F9892201E82FB00C3186B /* HomeWork3 */;
			targetProxy = 848F98A8201E82FB00C3186B /* PBXContainerItemProxy */;
		};
		848F98B4201E82FB00C3186B /* PBXTargetDependency */ = {
			isa = PBXTargetDependency;
			target = 848F9892201E82FB00C3186B /* HomeWork3 */;
			targetProxy = 848F98B3201E82FB00C3186B /* PBXContainerItemProxy */;
		};
/* End PBXTargetDependency section */

/* Begin PBXVariantGroup section */
		848F989A201E82FB00C3186B /* Main.storyboard */ = {
			isa = PBXVariantGroup;
			children = (
				848F989B201E82FB00C3186B /* Base */,
			);
			name = Main.storyboard;
			sourceTree = "<group>";
		};
		848F989F201E82FB00C3186B /* LaunchScreen.storyboard */ = {
			isa = PBXVariantGroup;
			children = (
				848F98A0201E82FB00C3186B /* Base */,
			);
			name = LaunchScreen.storyboard;
			sourceTree = "<group>";
		};
/* End PBXVariantGroup section */

/* Begin XCBuildConfiguration section */
		848F98B9201E82FB00C3186B /* Debug */ = {
			isa = XCBuildConfiguration;
			buildSettings = {
				ALWAYS_SEARCH_USER_PATHS = NO;
				CLANG_ANALYZER_NONNULL = YES;
				CLANG_ANALYZER_NUMBER_OBJECT_CONVERSION = YES_AGGRESSIVE;
				CLANG_CXX_LANGUAGE_STANDARD = "gnu++14";
				CLANG_CXX_LIBRARY = "libc++";
				CLANG_ENABLE_MODULES = YES;
				CLANG_ENABLE_OBJC_ARC = YES;
				CLANG_WARN_BLOCK_CAPTURE_AUTORELEASING = YES;
				CLANG_WARN_BOOL_CONVERSION = YES;
				CLANG_WARN_COMMA = YES;
				CLANG_WARN_CONSTANT_CONVERSION = YES;
				CLANG_WARN_DIRECT_OBJC_ISA_USAGE = YES_ERROR;
				CLANG_WARN_DOCUMENTATION_COMMENTS = YES;
				CLANG_WARN_EMPTY_BODY = YES;
				CLANG_WARN_ENUM_CONVERSION = YES;
				CLANG_WARN_INFINITE_RECURSION = YES;
				CLANG_WARN_INT_CONVERSION = YES;
				CLANG_WARN_NON_LITERAL_NULL_CONVERSION = YES;
				CLANG_WARN_OBJC_LITERAL_CONVERSION = YES;
				CLANG_WARN_OBJC_ROOT_CLASS = YES_ERROR;
				CLANG_WARN_RANGE_LOOP_ANALYSIS = YES;
				CLANG_WARN_STRICT_PROTOTYPES = YES;
				CLANG_WARN_SUSPICIOUS_MOVE = YES;
				CLANG_WARN_UNGUARDED_AVAILABILITY = YES_AGGRESSIVE;
				CLANG_WARN_UNREACHABLE_CODE = YES;
				CLANG_WARN__DUPLICATE_METHOD_MATCH = YES;
				CODE_SIGN_IDENTITY = "iPhone Developer";
				COPY_PHASE_STRIP = NO;
				DEBUG_INFORMATION_FORMAT = dwarf;
				ENABLE_STRICT_OBJC_MSGSEND = YES;
				ENABLE_TESTABILITY = YES;
				GCC_C_LANGUAGE_STANDARD = gnu11;
				GCC_DYNAMIC_NO_PIC = NO;
				GCC_NO_COMMON_BLOCKS = YES;
				GCC_OPTIMIZATION_LEVEL = 0;
				GCC_PREPROCESSOR_DEFINITIONS = (
					"DEBUG=1",
					"$(inherited)",
				);
				GCC_WARN_64_TO_32_BIT_CONVERSION = YES;
				GCC_WARN_ABOUT_RETURN_TYPE = YES_ERROR;
				GCC_WARN_UNDECLARED_SELECTOR = YES;
				GCC_WARN_UNINITIALIZED_AUTOS = YES_AGGRESSIVE;
				GCC_WARN_UNUSED_FUNCTION = YES;
				GCC_WARN_UNUSED_VARIABLE = YES;
				IPHONEOS_DEPLOYMENT_TARGET = 11.2;
				MTL_ENABLE_DEBUG_INFO = YES;
				ONLY_ACTIVE_ARCH = YES;
				SDKROOT = iphoneos;
				SWIFT_ACTIVE_COMPILATION_CONDITIONS = DEBUG;
				SWIFT_OPTIMIZATION_LEVEL = "-Onone";
			};
			name = Debug;
		};
		848F98BA201E82FB00C3186B /* Release */ = {
			isa = XCBuildConfiguration;
			buildSettings = {
				ALWAYS_SEARCH_USER_PATHS = NO;
				CLANG_ANALYZER_NONNULL = YES;
				CLANG_ANALYZER_NUMBER_OBJECT_CONVERSION = YES_AGGRESSIVE;
				CLANG_CXX_LANGUAGE_STANDARD = "gnu++14";
				CLANG_CXX_LIBRARY = "libc++";
				CLANG_ENABLE_MODULES = YES;
				CLANG_ENABLE_OBJC_ARC = YES;
				CLANG_WARN_BLOCK_CAPTURE_AUTORELEASING = YES;
				CLANG_WARN_BOOL_CONVERSION = YES;
				CLANG_WARN_COMMA = YES;
				CLANG_WARN_CONSTANT_CONVERSION = YES;
				CLANG_WARN_DIRECT_OBJC_ISA_USAGE = YES_ERROR;
				CLANG_WARN_DOCUMENTATION_COMMENTS = YES;
				CLANG_WARN_EMPTY_BODY = YES;
				CLANG_WARN_ENUM_CONVERSION = YES;
				CLANG_WARN_INFINITE_RECURSION = YES;
				CLANG_WARN_INT_CONVERSION = YES;
				CLANG_WARN_NON_LITERAL_NULL_CONVERSION = YES;
				CLANG_WARN_OBJC_LITERAL_CONVERSION = YES;
				CLANG_WARN_OBJC_ROOT_CLASS = YES_ERROR;
				CLANG_WARN_RANGE_LOOP_ANALYSIS = YES;
				CLANG_WARN_STRICT_PROTOTYPES = YES;
				CLANG_WARN_SUSPICIOUS_MOVE = YES;
				CLANG_WARN_UNGUARDED_AVAILABILITY = YES_AGGRESSIVE;
				CLANG_WARN_UNREACHABLE_CODE = YES;
				CLANG_WARN__DUPLICATE_METHOD_MATCH = YES;
				CODE_SIGN_IDENTITY = "iPhone Developer";
				COPY_PHASE_STRIP = NO;
				DEBUG_INFORMATION_FORMAT = "dwarf-with-dsym";
				ENABLE_NS_ASSERTIONS = NO;
				ENABLE_STRICT_OBJC_MSGSEND = YES;
				GCC_C_LANGUAGE_STANDARD = gnu11;
				GCC_NO_COMMON_BLOCKS = YES;
				GCC_WARN_64_TO_32_BIT_CONVERSION = YES;
				GCC_WARN_ABOUT_RETURN_TYPE = YES_ERROR;
				GCC_WARN_UNDECLARED_SELECTOR = YES;
				GCC_WARN_UNINITIALIZED_AUTOS = YES_AGGRESSIVE;
				GCC_WARN_UNUSED_FUNCTION = YES;
				GCC_WARN_UNUSED_VARIABLE = YES;
				IPHONEOS_DEPLOYMENT_TARGET = 11.2;
				MTL_ENABLE_DEBUG_INFO = NO;
				SDKROOT = iphoneos;
				SWIFT_OPTIMIZATION_LEVEL = "-Owholemodule";
				VALIDATE_PRODUCT = YES;
			};
			name = Release;
		};
		848F98BC201E82FB00C3186B /* Debug */ = {
			isa = XCBuildConfiguration;
			buildSettings = {
				ASSETCATALOG_COMPILER_APPICON_NAME = AppIcon;
				CODE_SIGN_STYLE = Automatic;
				INFOPLIST_FILE = HomeWork3/Info.plist;
				LD_RUNPATH_SEARCH_PATHS = "$(inherited) @executable_path/Frameworks";
				PRODUCT_BUNDLE_IDENTIFIER = oksi.HomeWork3;
				PRODUCT_NAME = "$(TARGET_NAME)";
				SWIFT_VERSION = 4.0;
				TARGETED_DEVICE_FAMILY = "1,2";
			};
			name = Debug;
		};
		848F98BD201E82FB00C3186B /* Release */ = {
			isa = XCBuildConfiguration;
			buildSettings = {
				ASSETCATALOG_COMPILER_APPICON_NAME = AppIcon;
				CODE_SIGN_STYLE = Automatic;
				INFOPLIST_FILE = HomeWork3/Info.plist;
				LD_RUNPATH_SEARCH_PATHS = "$(inherited) @executable_path/Frameworks";
				PRODUCT_BUNDLE_IDENTIFIER = oksi.HomeWork3;
				PRODUCT_NAME = "$(TARGET_NAME)";
				SWIFT_VERSION = 4.0;
				TARGETED_DEVICE_FAMILY = "1,2";
			};
			name = Release;
		};
		848F98BF201E82FB00C3186B /* Debug */ = {
			isa = XCBuildConfiguration;
			buildSettings = {
				ALWAYS_EMBED_SWIFT_STANDARD_LIBRARIES = YES;
				BUNDLE_LOADER = "$(TEST_HOST)";
				CODE_SIGN_STYLE = Automatic;
				INFOPLIST_FILE = HomeWork3Tests/Info.plist;
				LD_RUNPATH_SEARCH_PATHS = "$(inherited) @executable_path/Frameworks @loader_path/Frameworks";
				PRODUCT_BUNDLE_IDENTIFIER = oksi.HomeWork3Tests;
				PRODUCT_NAME = "$(TARGET_NAME)";
				SWIFT_VERSION = 4.0;
				TARGETED_DEVICE_FAMILY = "1,2";
				TEST_HOST = "$(BUILT_PRODUCTS_DIR)/HomeWork3.app/HomeWork3";
			};
			name = Debug;
		};
		848F98C0201E82FB00C3186B /* Release */ = {
			isa = XCBuildConfiguration;
			buildSettings = {
				ALWAYS_EMBED_SWIFT_STANDARD_LIBRARIES = YES;
				BUNDLE_LOADER = "$(TEST_HOST)";
				CODE_SIGN_STYLE = Automatic;
				INFOPLIST_FILE = HomeWork3Tests/Info.plist;
				LD_RUNPATH_SEARCH_PATHS = "$(inherited) @executable_path/Frameworks @loader_path/Frameworks";
				PRODUCT_BUNDLE_IDENTIFIER = oksi.HomeWork3Tests;
				PRODUCT_NAME = "$(TARGET_NAME)";
				SWIFT_VERSION = 4.0;
				TARGETED_DEVICE_FAMILY = "1,2";
				TEST_HOST = "$(BUILT_PRODUCTS_DIR)/HomeWork3.app/HomeWork3";
			};
			name = Release;
		};
		848F98C2201E82FB00C3186B /* Debug */ = {
			isa = XCBuildConfiguration;
			buildSettings = {
				ALWAYS_EMBED_SWIFT_STANDARD_LIBRARIES = YES;
				CODE_SIGN_STYLE = Automatic;
				INFOPLIST_FILE = HomeWork3UITests/Info.plist;
				LD_RUNPATH_SEARCH_PATHS = "$(inherited) @executable_path/Frameworks @loader_path/Frameworks";
				PRODUCT_BUNDLE_IDENTIFIER = oksi.HomeWork3UITests;
				PRODUCT_NAME = "$(TARGET_NAME)";
				SWIFT_VERSION = 4.0;
				TARGETED_DEVICE_FAMILY = "1,2";
				TEST_TARGET_NAME = HomeWork3;
			};
			name = Debug;
		};
		848F98C3201E82FB00C3186B /* Release */ = {
			isa = XCBuildConfiguration;
			buildSettings = {
				ALWAYS_EMBED_SWIFT_STANDARD_LIBRARIES = YES;
				CODE_SIGN_STYLE = Automatic;
				INFOPLIST_FILE = HomeWork3UITests/Info.plist;
				LD_RUNPATH_SEARCH_PATHS = "$(inherited) @executable_path/Frameworks @loader_path/Frameworks";
				PRODUCT_BUNDLE_IDENTIFIER = oksi.HomeWork3UITests;
				PRODUCT_NAME = "$(TARGET_NAME)";
				SWIFT_VERSION = 4.0;
				TARGETED_DEVICE_FAMILY = "1,2";
				TEST_TARGET_NAME = HomeWork3;
			};
			name = Release;
		};
/* End XCBuildConfiguration section */

/* Begin XCConfigurationList section */
		848F988E201E82FB00C3186B /* Build configuration list for PBXProject "HomeWork3" */ = {
			isa = XCConfigurationList;
			buildConfigurations = (
				848F98B9201E82FB00C3186B /* Debug */,
				848F98BA201E82FB00C3186B /* Release */,
			);
			defaultConfigurationIsVisible = 0;
			defaultConfigurationName = Release;
		};
		848F98BB201E82FB00C3186B /* Build configuration list for PBXNativeTarget "HomeWork3" */ = {
			isa = XCConfigurationList;
			buildConfigurations = (
				848F98BC201E82FB00C3186B /* Debug */,
				848F98BD201E82FB00C3186B /* Release */,
			);
			defaultConfigurationIsVisible = 0;
			defaultConfigurationName = Release;
		};
		848F98BE201E82FB00C3186B /* Build configuration list for PBXNativeTarget "HomeWork3Tests" */ = {
			isa = XCConfigurationList;
			buildConfigurations = (
				848F98BF201E82FB00C3186B /* Debug */,
				848F98C0201E82FB00C3186B /* Release */,
			);
			defaultConfigurationIsVisible = 0;
			defaultConfigurationName = Release;
		};
		848F98C1201E82FB00C3186B /* Build configuration list for PBXNativeTarget "HomeWork3UITests" */ = {
			isa = XCConfigurationList;
			buildConfigurations = (
				848F98C2201E82FB00C3186B /* Debug */,
				848F98C3201E82FB00C3186B /* Release */,
			);
			defaultConfigurationIsVisible = 0;
			defaultConfigurationName = Release;
		};
/* End XCConfigurationList section */
	};
	rootObject = 848F988B201E82FB00C3186B /* Project object */;
}
